dependencies:
  espressif/esp_serial_slave_link:
    component_hash: ac1776806de0a6e371c84e87898bb983e19ce62aa7f1e2e5c4a3b0234a575d2c
    dependencies:
    - name: idf
      require: private
      version: '>=5.0'
    source:
      registry_url: https://components.espressif.com/
      type: service
    version: 1.1.2
  idf:
    source:
      type: idf
    version: 5.5.2
direct_dependencies:
- espressif/esp_serial_slave_link
- idf
manifest_hash: 844fd7f634255cdedccd694c8ca7ad3dd7e91a0bee39908b9003e51d549f25a5
target: esp32p4
version: 2.0.0
